
Microsoft Visual Studio Solution File, Format Version 12.00
# Visual Studio Version 17
VisualStudioVersion = 17.10.35004.147
MinimumVisualStudioVersion = 10.0.40219.1
Project("{FAE04EC0-301F-11D3-BF4B-00C04F79EFBC}") = "InMemoryCache", "InMemoryCache\InMemoryCache.csproj", "{E9FE998F-A55D-43AE-8721-51D4896FCF64}"
EndProject
Project("{FAE04EC0-301F-11D3-BF4B-00C04F79EFBC}") = "InMemoryCache.Tests", "InMemoryCache.Tests\InMemoryCache.Tests.csproj", "{E5064C76-F3DD-4E1F-B81C-E13BAFEE00D1}"
EndProject
Global
	GlobalSection(SolutionConfigurationPlatforms) = preSolution
		Debug|Any CPU = Debug|Any CPU
		Release|Any CPU = Release|Any CPU
	EndGlobalSection
	GlobalSection(ProjectConfigurationPlatforms) = postSolution
		{E9FE998F-A55D-43AE-8721-51D4896FCF64}.Debug|Any CPU.ActiveCfg = Debug|Any CPU
		{E9FE998F-A55D-43AE-8721-51D4896FCF64}.Debug|Any CPU.Build.0 = Debug|Any CPU
		{E9FE998F-A55D-43AE-8721-51D4896FCF64}.Release|Any CPU.ActiveCfg = Release|Any CPU
		{E9FE998F-A55D-43AE-8721-51D4896FCF64}.Release|Any CPU.Build.0 = Release|Any CPU
		{E5064C76-F3DD-4E1F-B81C-E13BAFEE00D1}.Debug|Any CPU.ActiveCfg = Debug|Any CPU
		{E5064C76-F3DD-4E1F-B81C-E13BAFEE00D1}.Debug|Any CPU.Build.0 = Debug|Any CPU
		{E5064C76-F3DD-4E1F-B81C-E13BAFEE00D1}.Release|Any CPU.ActiveCfg = Release|Any CPU
		{E5064C76-F3DD-4E1F-B81C-E13BAFEE00D1}.Release|Any CPU.Build.0 = Release|Any CPU
	EndGlobalSection
	GlobalSection(SolutionProperties) = preSolution
		HideSolutionNode = FALSE
	EndGlobalSection
	GlobalSection(ExtensibilityGlobals) = postSolution
		SolutionGuid = {A43EF379-CC23-42FC-94D8-D0EDA6882AD7}
	EndGlobalSection
EndGlobal
